
Microsoft Visual Studio Solution File, Format Version 12.00
# Visual Studio Version 17
VisualStudioVersion = 17.8.34525.116
MinimumVisualStudioVersion = 10.0.40219.1
Project("{8BC9CEB8-8B4A-11D0-8D11-00A0C91BC942}") = "day6_1", "day6_1\day6_1.vcxproj", "{36BE279B-CD6F-433F-9FA0-F0254A1F2F3C}"
EndProject
Global
	GlobalSection(SolutionConfigurationPlatforms) = preSolution
		Debug|x64 = Debug|x64
		Debug|x86 = Debug|x86
		Release|x64 = Release|x64
		Release|x86 = Release|x86
	EndGlobalSection
	GlobalSection(ProjectConfigurationPlatforms) = postSolution
		{36BE279B-CD6F-433F-9FA0-F0254A1F2F3C}.Debug|x64.ActiveCfg = Debug|x64
		{36BE279B-CD6F-433F-9FA0-F0254A1F2F3C}.Debug|x64.Build.0 = Debug|x64
		{36BE279B-CD6F-433F-9FA0-F0254A1F2F3C}.Debug|x86.ActiveCfg = Debug|Win32
		{36BE279B-CD6F-433F-9FA0-F0254A1F2F3C}.Debug|x86.Build.0 = Debug|Win32
		{36BE279B-CD6F-433F-9FA0-F0254A1F2F3C}.Release|x64.ActiveCfg = Release|x64
		{36BE279B-CD6F-433F-9FA0-F0254A1F2F3C}.Release|x64.Build.0 = Release|x64
		{36BE279B-CD6F-433F-9FA0-F0254A1F2F3C}.Release|x86.ActiveCfg = Release|Win32
		{36BE279B-CD6F-433F-9FA0-F0254A1F2F3C}.Release|x86.Build.0 = Release|Win32
	EndGlobalSection
	GlobalSection(SolutionProperties) = preSolution
		HideSolutionNode = FALSE
	EndGlobalSection
	GlobalSection(ExtensibilityGlobals) = postSolution
		SolutionGuid = {46987DCA-CAF8-42C4-A2A7-62DF3E2F7B4F}
	EndGlobalSection
EndGlobal
