
Microsoft Visual Studio Solution File, Format Version 12.00
# Visual Studio Version 17
VisualStudioVersion = 17.8.34525.116
MinimumVisualStudioVersion = 10.0.40219.1
Project("{8BC9CEB8-8B4A-11D0-8D11-00A0C91BC942}") = "day11_1", "day11_1\day11_1.vcxproj", "{A87DA48F-A4E0-4061-A11A-4EE8939F3545}"
EndProject
Global
	GlobalSection(SolutionConfigurationPlatforms) = preSolution
		Debug|x64 = Debug|x64
		Debug|x86 = Debug|x86
		Release|x64 = Release|x64
		Release|x86 = Release|x86
	EndGlobalSection
	GlobalSection(ProjectConfigurationPlatforms) = postSolution
		{A87DA48F-A4E0-4061-A11A-4EE8939F3545}.Debug|x64.ActiveCfg = Debug|x64
		{A87DA48F-A4E0-4061-A11A-4EE8939F3545}.Debug|x64.Build.0 = Debug|x64
		{A87DA48F-A4E0-4061-A11A-4EE8939F3545}.Debug|x86.ActiveCfg = Debug|Win32
		{A87DA48F-A4E0-4061-A11A-4EE8939F3545}.Debug|x86.Build.0 = Debug|Win32
		{A87DA48F-A4E0-4061-A11A-4EE8939F3545}.Release|x64.ActiveCfg = Release|x64
		{A87DA48F-A4E0-4061-A11A-4EE8939F3545}.Release|x64.Build.0 = Release|x64
		{A87DA48F-A4E0-4061-A11A-4EE8939F3545}.Release|x86.ActiveCfg = Release|Win32
		{A87DA48F-A4E0-4061-A11A-4EE8939F3545}.Release|x86.Build.0 = Release|Win32
	EndGlobalSection
	GlobalSection(SolutionProperties) = preSolution
		HideSolutionNode = FALSE
	EndGlobalSection
	GlobalSection(ExtensibilityGlobals) = postSolution
		SolutionGuid = {EF69BFE0-48B3-44F7-8754-08F23C18A9C8}
	EndGlobalSection
EndGlobal
